// !$*UTF8*$!
{
	archiveVersion = 1;
	classes = {
	};
	objectVersion = 52;
	objects = {

/* Begin PBXBuildFile section */
		A520935023AFA8D4004BCD1C /* APIHelper.swift in Sources */ = {isa = PBXBuildFile; fileRef = A520933E23AFA8D4004BCD1C /* APIHelper.swift */; };
		A520935123AFA8D4004BCD1C /* AlamofireImplementations.swift in Sources */ = {isa = PBXBuildFile; fileRef = A520933F23AFA8D4004BCD1C /* AlamofireImplementations.swift */; };
		A520935223AFA8D4004BCD1C /* SearchAPI.swift in Sources */ = {isa = PBXBuildFile; fileRef = A520934123AFA8D4004BCD1C /* SearchAPI.swift */; };
		A520935323AFA8D4004BCD1C /* CodableHelper.swift in Sources */ = {isa = PBXBuildFile; fileRef = A520934223AFA8D4004BCD1C /* CodableHelper.swift */; };
		A520935423AFA8D4004BCD1C /* JSONEncodableEncoding.swift in Sources */ = {isa = PBXBuildFile; fileRef = A520934323AFA8D4004BCD1C /* JSONEncodableEncoding.swift */; };
		A520935523AFA8D4004BCD1C /* APIs.swift in Sources */ = {isa = PBXBuildFile; fileRef = A520934423AFA8D4004BCD1C /* APIs.swift */; };
		A520935623AFA8D4004BCD1C /* GithubAPI.swift in Sources */ = {isa = PBXBuildFile; fileRef = A520934523AFA8D4004BCD1C /* GithubAPI.swift */; };
		A520935723AFA8D4004BCD1C /* Order.swift in Sources */ = {isa = PBXBuildFile; fileRef = A520934723AFA8D4004BCD1C /* Order.swift */; };
		A520935823AFA8D4004BCD1C /* User.swift in Sources */ = {isa = PBXBuildFile; fileRef = A520934823AFA8D4004BCD1C /* User.swift */; };
		A520935923AFA8D4004BCD1C /* Repository.swift in Sources */ = {isa = PBXBuildFile; fileRef = A520934923AFA8D4004BCD1C /* Repository.swift */; };
		A520935A23AFA8D4004BCD1C /* ErrorModel.swift in Sources */ = {isa = PBXBuildFile; fileRef = A520934A23AFA8D4004BCD1C /* ErrorModel.swift */; };
		A520935B23AFA8D4004BCD1C /* RepositoryList.swift in Sources */ = {isa = PBXBuildFile; fileRef = A520934B23AFA8D4004BCD1C /* RepositoryList.swift */; };
		A520935C23AFA8D4004BCD1C /* Extensions.swift in Sources */ = {isa = PBXBuildFile; fileRef = A520934C23AFA8D4004BCD1C /* Extensions.swift */; };
		A520935D23AFA8D4004BCD1C /* JSONEncodingHelper.swift in Sources */ = {isa = PBXBuildFile; fileRef = A520934D23AFA8D4004BCD1C /* JSONEncodingHelper.swift */; };
		A520935E23AFA8D4004BCD1C /* Models.swift in Sources */ = {isa = PBXBuildFile; fileRef = A520934E23AFA8D4004BCD1C /* Models.swift */; };
		A520935F23AFA8D4004BCD1C /* Configuration.swift in Sources */ = {isa = PBXBuildFile; fileRef = A520934F23AFA8D4004BCD1C /* Configuration.swift */; };
		A520936123AFAAE9004BCD1C /* OverlayView.swift in Sources */ = {isa = PBXBuildFile; fileRef = A520936023AFAAE9004BCD1C /* OverlayView.swift */; };
		A520936323AFAB2D004BCD1C /* AppState.swift in Sources */ = {isa = PBXBuildFile; fileRef = A520936223AFAB2D004BCD1C /* AppState.swift */; };
		A527866823AE36240008BB18 /* SwiftUICharts in Frameworks */ = {isa = PBXBuildFile; productRef = A527866723AE36240008BB18 /* SwiftUICharts */; };
		A527866A23AE38E50008BB18 /* ActivityIndicatorView.swift in Sources */ = {isa = PBXBuildFile; fileRef = A527866923AE38E50008BB18 /* ActivityIndicatorView.swift */; };
		A52786A423AE467E0008BB18 /* RAMCharacterStatusListViewModel.swift in Sources */ = {isa = PBXBuildFile; fileRef = A52786A323AE467E0008BB18 /* RAMCharacterStatusListViewModel.swift */; };
		A52786A623AE482A0008BB18 /* RickAndMortiView.swift in Sources */ = {isa = PBXBuildFile; fileRef = A52786A523AE482A0008BB18 /* RickAndMortiView.swift */; };
		A52786A823AE4AA00008BB18 /* Histogram.swift in Sources */ = {isa = PBXBuildFile; fileRef = A52786A723AE4AA00008BB18 /* Histogram.swift */; };
		A52786AA23AE4B680008BB18 /* HistogramView.swift in Sources */ = {isa = PBXBuildFile; fileRef = A52786A923AE4B680008BB18 /* HistogramView.swift */; };
		A5AB84E423AE11BA00165643 /* GitHubRepoListViewModel.swift in Sources */ = {isa = PBXBuildFile; fileRef = A5AB84E323AE11BA00165643 /* GitHubRepoListViewModel.swift */; };
		A5AB84EA23AE1E4100165643 /* GithubView.swift in Sources */ = {isa = PBXBuildFile; fileRef = A5AB84E923AE1E4100165643 /* GithubView.swift */; };
		A5B816D623B09EBC004C8D7B /* StatusAPI.swift in Sources */ = {isa = PBXBuildFile; fileRef = A5B816C523B09EBB004C8D7B /* StatusAPI.swift */; };
		A5B816DA23B09EBC004C8D7B /* Person.swift in Sources */ = {isa = PBXBuildFile; fileRef = A5B816CA23B09EBB004C8D7B /* Person.swift */; };
		A5B816DB23B09EBC004C8D7B /* Info.swift in Sources */ = {isa = PBXBuildFile; fileRef = A5B816CB23B09EBB004C8D7B /* Info.swift */; };
		A5B816DC23B09EBC004C8D7B /* PersonList.swift in Sources */ = {isa = PBXBuildFile; fileRef = A5B816CC23B09EBB004C8D7B /* PersonList.swift */; };
		A5B816DD23B09EBC004C8D7B /* Status.swift in Sources */ = {isa = PBXBuildFile; fileRef = A5B816CD23B09EBC004C8D7B /* Status.swift */; };
		A5B816DE23B09EBC004C8D7B /* OriginLocation.swift in Sources */ = {isa = PBXBuildFile; fileRef = A5B816CE23B09EBC004C8D7B /* OriginLocation.swift */; };
		A5B816E223B09EBC004C8D7B /* RAMAPIs.swift in Sources */ = {isa = PBXBuildFile; fileRef = A5B816D223B09EBC004C8D7B /* RAMAPIs.swift */; };
		A5B816E323B09EBC004C8D7B /* AlamofireImplementationsForRAM.swift in Sources */ = {isa = PBXBuildFile; fileRef = A5B816D323B09EBC004C8D7B /* AlamofireImplementationsForRAM.swift */; };
		A5B816ED23B0B72B004C8D7B /* AnyTransition + Extension.swift in Sources */ = {isa = PBXBuildFile; fileRef = A5B816EC23B0B72B004C8D7B /* AnyTransition + Extension.swift */; };
		A5CA895023AD1E960087E30F /* AppDelegate.swift in Sources */ = {isa = PBXBuildFile; fileRef = A5CA894F23AD1E960087E30F /* AppDelegate.swift */; };
		A5CA895223AD1E980087E30F /* SceneDelegate.swift in Sources */ = {isa = PBXBuildFile; fileRef = A5CA895123AD1E980087E30F /* SceneDelegate.swift */; };
		A5CA895423AD1E980087E30F /* RootView.swift in Sources */ = {isa = PBXBuildFile; fileRef = A5CA895323AD1E980087E30F /* RootView.swift */; };
		A5CA895623AD1E9B0087E30F /* Assets.xcassets in Resources */ = {isa = PBXBuildFile; fileRef = A5CA895523AD1E9B0087E30F /* Assets.xcassets */; };
		A5CA895923AD1E9B0087E30F /* Preview Assets.xcassets in Resources */ = {isa = PBXBuildFile; fileRef = A5CA895823AD1E9B0087E30F /* Preview Assets.xcassets */; };
		A5CA895C23AD1E9B0087E30F /* LaunchScreen.storyboard in Resources */ = {isa = PBXBuildFile; fileRef = A5CA895A23AD1E9B0087E30F /* LaunchScreen.storyboard */; };
		A5CA896623AE0DF00087E30F /* Alamofire in Frameworks */ = {isa = PBXBuildFile; productRef = A5CA896523AE0DF00087E30F /* Alamofire */; };
/* End PBXBuildFile section */

/* Begin PBXFileReference section */
		A520933E23AFA8D4004BCD1C /* APIHelper.swift */ = {isa = PBXFileReference; fileEncoding = 4; lastKnownFileType = sourcecode.swift; path = APIHelper.swift; sourceTree = "<group>"; };
		A520933F23AFA8D4004BCD1C /* AlamofireImplementations.swift */ = {isa = PBXFileReference; fileEncoding = 4; lastKnownFileType = sourcecode.swift; path = AlamofireImplementations.swift; sourceTree = "<group>"; };
		A520934123AFA8D4004BCD1C /* SearchAPI.swift */ = {isa = PBXFileReference; fileEncoding = 4; lastKnownFileType = sourcecode.swift; path = SearchAPI.swift; sourceTree = "<group>"; };
		A520934223AFA8D4004BCD1C /* CodableHelper.swift */ = {isa = PBXFileReference; fileEncoding = 4; lastKnownFileType = sourcecode.swift; path = CodableHelper.swift; sourceTree = "<group>"; };
		A520934323AFA8D4004BCD1C /* JSONEncodableEncoding.swift */ = {isa = PBXFileReference; fileEncoding = 4; lastKnownFileType = sourcecode.swift; path = JSONEncodableEncoding.swift; sourceTree = "<group>"; };
		A520934423AFA8D4004BCD1C /* APIs.swift */ = {isa = PBXFileReference; fileEncoding = 4; lastKnownFileType = sourcecode.swift; path = APIs.swift; sourceTree = "<group>"; };
		A520934523AFA8D4004BCD1C /* GithubAPI.swift */ = {isa = PBXFileReference; fileEncoding = 4; lastKnownFileType = sourcecode.swift; path = GithubAPI.swift; sourceTree = "<group>"; };
		A520934723AFA8D4004BCD1C /* Order.swift */ = {isa = PBXFileReference; fileEncoding = 4; lastKnownFileType = sourcecode.swift; path = Order.swift; sourceTree = "<group>"; };
		A520934823AFA8D4004BCD1C /* User.swift */ = {isa = PBXFileReference; fileEncoding = 4; lastKnownFileType = sourcecode.swift; path = User.swift; sourceTree = "<group>"; };
		A520934923AFA8D4004BCD1C /* Repository.swift */ = {isa = PBXFileReference; fileEncoding = 4; lastKnownFileType = sourcecode.swift; path = Repository.swift; sourceTree = "<group>"; };
		A520934A23AFA8D4004BCD1C /* ErrorModel.swift */ = {isa = PBXFileReference; fileEncoding = 4; lastKnownFileType = sourcecode.swift; path = ErrorModel.swift; sourceTree = "<group>"; };
		A520934B23AFA8D4004BCD1C /* RepositoryList.swift */ = {isa = PBXFileReference; fileEncoding = 4; lastKnownFileType = sourcecode.swift; path = RepositoryList.swift; sourceTree = "<group>"; };
		A520934C23AFA8D4004BCD1C /* Extensions.swift */ = {isa = PBXFileReference; fileEncoding = 4; lastKnownFileType = sourcecode.swift; path = Extensions.swift; sourceTree = "<group>"; };
		A520934D23AFA8D4004BCD1C /* JSONEncodingHelper.swift */ = {isa = PBXFileReference; fileEncoding = 4; lastKnownFileType = sourcecode.swift; path = JSONEncodingHelper.swift; sourceTree = "<group>"; };
		A520934E23AFA8D4004BCD1C /* Models.swift */ = {isa = PBXFileReference; fileEncoding = 4; lastKnownFileType = sourcecode.swift; path = Models.swift; sourceTree = "<group>"; };
		A520934F23AFA8D4004BCD1C /* Configuration.swift */ = {isa = PBXFileReference; fileEncoding = 4; lastKnownFileType = sourcecode.swift; path = Configuration.swift; sourceTree = "<group>"; };
		A520936023AFAAE9004BCD1C /* OverlayView.swift */ = {isa = PBXFileReference; lastKnownFileType = sourcecode.swift; path = OverlayView.swift; sourceTree = "<group>"; };
		A520936223AFAB2D004BCD1C /* AppState.swift */ = {isa = PBXFileReference; lastKnownFileType = sourcecode.swift; path = AppState.swift; sourceTree = "<group>"; };
		A527866923AE38E50008BB18 /* ActivityIndicatorView.swift */ = {isa = PBXFileReference; lastKnownFileType = sourcecode.swift; path = ActivityIndicatorView.swift; sourceTree = "<group>"; };
		A52786A323AE467E0008BB18 /* RAMCharacterStatusListViewModel.swift */ = {isa = PBXFileReference; lastKnownFileType = sourcecode.swift; path = RAMCharacterStatusListViewModel.swift; sourceTree = "<group>"; };
		A52786A523AE482A0008BB18 /* RickAndMortiView.swift */ = {isa = PBXFileReference; lastKnownFileType = sourcecode.swift; path = RickAndMortiView.swift; sourceTree = "<group>"; };
		A52786A723AE4AA00008BB18 /* Histogram.swift */ = {isa = PBXFileReference; fileEncoding = 4; lastKnownFileType = sourcecode.swift; path = Histogram.swift; sourceTree = "<group>"; };
		A52786A923AE4B680008BB18 /* HistogramView.swift */ = {isa = PBXFileReference; lastKnownFileType = sourcecode.swift; path = HistogramView.swift; sourceTree = "<group>"; };
		A5AB84E323AE11BA00165643 /* GitHubRepoListViewModel.swift */ = {isa = PBXFileReference; lastKnownFileType = sourcecode.swift; path = GitHubRepoListViewModel.swift; sourceTree = "<group>"; };
		A5AB84E923AE1E4100165643 /* GithubView.swift */ = {isa = PBXFileReference; lastKnownFileType = sourcecode.swift; path = GithubView.swift; sourceTree = "<group>"; };
		A5B816C523B09EBB004C8D7B /* StatusAPI.swift */ = {isa = PBXFileReference; fileEncoding = 4; lastKnownFileType = sourcecode.swift; path = StatusAPI.swift; sourceTree = "<group>"; };
		A5B816CA23B09EBB004C8D7B /* Person.swift */ = {isa = PBXFileReference; fileEncoding = 4; lastKnownFileType = sourcecode.swift; path = Person.swift; sourceTree = "<group>"; };
		A5B816CB23B09EBB004C8D7B /* Info.swift */ = {isa = PBXFileReference; fileEncoding = 4; lastKnownFileType = sourcecode.swift; path = Info.swift; sourceTree = "<group>"; };
		A5B816CC23B09EBB004C8D7B /* PersonList.swift */ = {isa = PBXFileReference; fileEncoding = 4; lastKnownFileType = sourcecode.swift; path = PersonList.swift; sourceTree = "<group>"; };
		A5B816CD23B09EBC004C8D7B /* Status.swift */ = {isa = PBXFileReference; fileEncoding = 4; lastKnownFileType = sourcecode.swift; path = Status.swift; sourceTree = "<group>"; };
		A5B816CE23B09EBC004C8D7B /* OriginLocation.swift */ = {isa = PBXFileReference; fileEncoding = 4; lastKnownFileType = sourcecode.swift; path = OriginLocation.swift; sourceTree = "<group>"; };
		A5B816D223B09EBC004C8D7B /* RAMAPIs.swift */ = {isa = PBXFileReference; fileEncoding = 4; lastKnownFileType = sourcecode.swift; path = RAMAPIs.swift; sourceTree = "<group>"; };
		A5B816D323B09EBC004C8D7B /* AlamofireImplementationsForRAM.swift */ = {isa = PBXFileReference; fileEncoding = 4; lastKnownFileType = sourcecode.swift; path = AlamofireImplementationsForRAM.swift; sourceTree = "<group>"; };
		A5B816EC23B0B72B004C8D7B /* AnyTransition + Extension.swift */ = {isa = PBXFileReference; lastKnownFileType = sourcecode.swift; path = "AnyTransition + Extension.swift"; sourceTree = "<group>"; };
		A5CA894C23AD1E950087E30F /* HW3_Arch.app */ = {isa = PBXFileReference; explicitFileType = wrapper.application; includeInIndex = 0; path = HW3_Arch.app; sourceTree = BUILT_PRODUCTS_DIR; };
		A5CA894F23AD1E960087E30F /* AppDelegate.swift */ = {isa = PBXFileReference; lastKnownFileType = sourcecode.swift; path = AppDelegate.swift; sourceTree = "<group>"; };
		A5CA895123AD1E980087E30F /* SceneDelegate.swift */ = {isa = PBXFileReference; lastKnownFileType = sourcecode.swift; path = SceneDelegate.swift; sourceTree = "<group>"; };
		A5CA895323AD1E980087E30F /* RootView.swift */ = {isa = PBXFileReference; lastKnownFileType = sourcecode.swift; path = RootView.swift; sourceTree = "<group>"; };
		A5CA895523AD1E9B0087E30F /* Assets.xcassets */ = {isa = PBXFileReference; lastKnownFileType = folder.assetcatalog; path = Assets.xcassets; sourceTree = "<group>"; };
		A5CA895823AD1E9B0087E30F /* Preview Assets.xcassets */ = {isa = PBXFileReference; lastKnownFileType = folder.assetcatalog; path = "Preview Assets.xcassets"; sourceTree = "<group>"; };
		A5CA895B23AD1E9B0087E30F /* Base */ = {isa = PBXFileReference; lastKnownFileType = file.storyboard; name = Base; path = Base.lproj/LaunchScreen.storyboard; sourceTree = "<group>"; };
		A5CA895D23AD1E9B0087E30F /* Info.plist */ = {isa = PBXFileReference; lastKnownFileType = text.plist.xml; path = Info.plist; sourceTree = "<group>"; };
/* End PBXFileReference section */

/* Begin PBXFrameworksBuildPhase section */
		A5CA894923AD1E950087E30F /* Frameworks */ = {
			isa = PBXFrameworksBuildPhase;
			buildActionMask = 2147483647;
			files = (
				A5CA896623AE0DF00087E30F /* Alamofire in Frameworks */,
				A527866823AE36240008BB18 /* SwiftUICharts in Frameworks */,
			);
			runOnlyForDeploymentPostprocessing = 0;
		};
/* End PBXFrameworksBuildPhase section */

/* Begin PBXGroup section */
		A520933D23AFA8D4004BCD1C /* GithubAPI */ = {
			isa = PBXGroup;
			children = (
				A520933E23AFA8D4004BCD1C /* APIHelper.swift */,
				A520933F23AFA8D4004BCD1C /* AlamofireImplementations.swift */,
				A520934023AFA8D4004BCD1C /* APIs */,
				A520934223AFA8D4004BCD1C /* CodableHelper.swift */,
				A520934323AFA8D4004BCD1C /* JSONEncodableEncoding.swift */,
				A520934423AFA8D4004BCD1C /* APIs.swift */,
				A520934523AFA8D4004BCD1C /* GithubAPI.swift */,
				A520934623AFA8D4004BCD1C /* Models */,
				A520934C23AFA8D4004BCD1C /* Extensions.swift */,
				A520934D23AFA8D4004BCD1C /* JSONEncodingHelper.swift */,
				A520934E23AFA8D4004BCD1C /* Models.swift */,
				A520934F23AFA8D4004BCD1C /* Configuration.swift */,
			);
			name = GithubAPI;
			path = GithubAPI/Sources/GithubAPI;
			sourceTree = SOURCE_ROOT;
		};
		A520934023AFA8D4004BCD1C /* APIs */ = {
			isa = PBXGroup;
			children = (
				A520934123AFA8D4004BCD1C /* SearchAPI.swift */,
			);
			path = APIs;
			sourceTree = "<group>";
		};
		A520934623AFA8D4004BCD1C /* Models */ = {
			isa = PBXGroup;
			children = (
				A520934723AFA8D4004BCD1C /* Order.swift */,
				A520934823AFA8D4004BCD1C /* User.swift */,
				A520934923AFA8D4004BCD1C /* Repository.swift */,
				A520934A23AFA8D4004BCD1C /* ErrorModel.swift */,
				A520934B23AFA8D4004BCD1C /* RepositoryList.swift */,
			);
			path = Models;
			sourceTree = "<group>";
		};
		A5AB84E223AE112100165643 /* Models */ = {
			isa = PBXGroup;
			children = (
				A5AB84E323AE11BA00165643 /* GitHubRepoListViewModel.swift */,
				A52786A323AE467E0008BB18 /* RAMCharacterStatusListViewModel.swift */,
			);
			path = Models;
			sourceTree = "<group>";
		};
		A5AB84E623AE16CA00165643 /* Frameworks */ = {
			isa = PBXGroup;
			children = (
			);
			name = Frameworks;
			sourceTree = "<group>";
		};
		A5B816C223B09EBB004C8D7B /* RickAndMorti */ = {
			isa = PBXGroup;
			children = (
				A5B816C923B09EBB004C8D7B /* Models */,
				A5B816C423B09EBB004C8D7B /* APIs */,
				A5B816D223B09EBC004C8D7B /* RAMAPIs.swift */,
				A5B816D323B09EBC004C8D7B /* AlamofireImplementationsForRAM.swift */,
			);
			path = RickAndMorti;
			sourceTree = SOURCE_ROOT;
		};
		A5B816C423B09EBB004C8D7B /* APIs */ = {
			isa = PBXGroup;
			children = (
				A5B816C523B09EBB004C8D7B /* StatusAPI.swift */,
			);
			path = APIs;
			sourceTree = "<group>";
		};
		A5B816C923B09EBB004C8D7B /* Models */ = {
			isa = PBXGroup;
			children = (
				A5B816CA23B09EBB004C8D7B /* Person.swift */,
				A5B816CB23B09EBB004C8D7B /* Info.swift */,
				A5B816CC23B09EBB004C8D7B /* PersonList.swift */,
				A5B816CD23B09EBC004C8D7B /* Status.swift */,
				A5B816CE23B09EBC004C8D7B /* OriginLocation.swift */,
			);
			path = Models;
			sourceTree = "<group>";
		};
		A5B816EB23B0B70B004C8D7B /* Extentions */ = {
			isa = PBXGroup;
			children = (
				A5B816EC23B0B72B004C8D7B /* AnyTransition + Extension.swift */,
			);
			path = Extentions;
			sourceTree = "<group>";
		};
		A5CA894323AD1E940087E30F = {
			isa = PBXGroup;
			children = (
				A5CA894E23AD1E950087E30F /* HW3_Arch_SwiftUI */,
				A5CA894D23AD1E950087E30F /* Products */,
				A5AB84E623AE16CA00165643 /* Frameworks */,
			);
			sourceTree = "<group>";
		};
		A5CA894D23AD1E950087E30F /* Products */ = {
			isa = PBXGroup;
			children = (
				A5CA894C23AD1E950087E30F /* HW3_Arch.app */,
			);
			name = Products;
			sourceTree = "<group>";
		};
		A5CA894E23AD1E950087E30F /* HW3_Arch_SwiftUI */ = {
			isa = PBXGroup;
			children = (
				A5B816EB23B0B70B004C8D7B /* Extentions */,
				A5B816C223B09EBB004C8D7B /* RickAndMorti */,
				A520933D23AFA8D4004BCD1C /* GithubAPI */,
				A5AB84E223AE112100165643 /* Models */,
				A5CA894F23AD1E960087E30F /* AppDelegate.swift */,
				A5CA895123AD1E980087E30F /* SceneDelegate.swift */,
				A5CA895323AD1E980087E30F /* RootView.swift */,
				A5AB84E923AE1E4100165643 /* GithubView.swift */,
				A52786A523AE482A0008BB18 /* RickAndMortiView.swift */,
				A52786A923AE4B680008BB18 /* HistogramView.swift */,
				A527866923AE38E50008BB18 /* ActivityIndicatorView.swift */,
				A52786A723AE4AA00008BB18 /* Histogram.swift */,
				A520936023AFAAE9004BCD1C /* OverlayView.swift */,
				A520936223AFAB2D004BCD1C /* AppState.swift */,
				A5CA895A23AD1E9B0087E30F /* LaunchScreen.storyboard */,
				A5CA895D23AD1E9B0087E30F /* Info.plist */,
				A5CA895523AD1E9B0087E30F /* Assets.xcassets */,
				A5CA895723AD1E9B0087E30F /* Preview Content */,
			);
			path = HW3_Arch_SwiftUI;
			sourceTree = "<group>";
		};
		A5CA895723AD1E9B0087E30F /* Preview Content */ = {
			isa = PBXGroup;
			children = (
				A5CA895823AD1E9B0087E30F /* Preview Assets.xcassets */,
			);
			path = "Preview Content";
			sourceTree = "<group>";
		};
/* End PBXGroup section */

/* Begin PBXNativeTarget section */
		A5CA894B23AD1E950087E30F /* HW3_Arch_SwiftUI */ = {
			isa = PBXNativeTarget;
			buildConfigurationList = A5CA896023AD1E9B0087E30F /* Build configuration list for PBXNativeTarget "HW3_Arch_SwiftUI" */;
			buildPhases = (
				A5CA894823AD1E950087E30F /* Sources */,
				A5CA894923AD1E950087E30F /* Frameworks */,
				A5CA894A23AD1E950087E30F /* Resources */,
			);
			buildRules = (
			);
			dependencies = (
			);
			name = HW3_Arch_SwiftUI;
			packageProductDependencies = (
				A5CA896523AE0DF00087E30F /* Alamofire */,
				A527866723AE36240008BB18 /* SwiftUICharts */,
			);
			productName = HW3_Arch_SwiftUI;
			productReference = A5CA894C23AD1E950087E30F /* HW3_Arch.app */;
			productType = "com.apple.product-type.application";
		};
/* End PBXNativeTarget section */

/* Begin PBXProject section */
		A5CA894423AD1E950087E30F /* Project object */ = {
			isa = PBXProject;
			attributes = {
				LastSwiftUpdateCheck = 1120;
				LastUpgradeCheck = 1120;
				ORGANIZATIONNAME = digt;
				TargetAttributes = {
					A5CA894B23AD1E950087E30F = {
						CreatedOnToolsVersion = 11.2;
					};
				};
			};
			buildConfigurationList = A5CA894723AD1E950087E30F /* Build configuration list for PBXProject "HW3_Arch_SwiftUI" */;
			compatibilityVersion = "Xcode 9.3";
			developmentRegion = en;
			hasScannedForEncodings = 0;
			knownRegions = (
				en,
				Base,
			);
			mainGroup = A5CA894323AD1E940087E30F;
			packageReferences = (
				A5CA896423AE0DF00087E30F /* XCRemoteSwiftPackageReference "Alamofire" */,
				A527866623AE36240008BB18 /* XCRemoteSwiftPackageReference "ChartView" */,
			);
			productRefGroup = A5CA894D23AD1E950087E30F /* Products */;
			projectDirPath = "";
			projectRoot = "";
			targets = (
				A5CA894B23AD1E950087E30F /* HW3_Arch_SwiftUI */,
			);
		};
/* End PBXProject section */

/* Begin PBXResourcesBuildPhase section */
		A5CA894A23AD1E950087E30F /* Resources */ = {
			isa = PBXResourcesBuildPhase;
			buildActionMask = 2147483647;
			files = (
				A5CA895C23AD1E9B0087E30F /* LaunchScreen.storyboard in Resources */,
				A5CA895923AD1E9B0087E30F /* Preview Assets.xcassets in Resources */,
				A5CA895623AD1E9B0087E30F /* Assets.xcassets in Resources */,
			);
			runOnlyForDeploymentPostprocessing = 0;
		};
/* End PBXResourcesBuildPhase section */

/* Begin PBXSourcesBuildPhase section */
		A5CA894823AD1E950087E30F /* Sources */ = {
			isa = PBXSourcesBuildPhase;
			buildActionMask = 2147483647;
			files = (
				A5B816DD23B09EBC004C8D7B /* Status.swift in Sources */,
				A520935023AFA8D4004BCD1C /* APIHelper.swift in Sources */,
				A520936323AFAB2D004BCD1C /* AppState.swift in Sources */,
				A520935A23AFA8D4004BCD1C /* ErrorModel.swift in Sources */,
				A520935223AFA8D4004BCD1C /* SearchAPI.swift in Sources */,
				A5B816DE23B09EBC004C8D7B /* OriginLocation.swift in Sources */,
				A520935723AFA8D4004BCD1C /* Order.swift in Sources */,
				A520936123AFAAE9004BCD1C /* OverlayView.swift in Sources */,
				A52786AA23AE4B680008BB18 /* HistogramView.swift in Sources */,
				A52786A823AE4AA00008BB18 /* Histogram.swift in Sources */,
				A520935823AFA8D4004BCD1C /* User.swift in Sources */,
				A5B816DC23B09EBC004C8D7B /* PersonList.swift in Sources */,
				A5AB84EA23AE1E4100165643 /* GithubView.swift in Sources */,
				A5B816ED23B0B72B004C8D7B /* AnyTransition + Extension.swift in Sources */,
				A52786A623AE482A0008BB18 /* RickAndMortiView.swift in Sources */,
				A5CA895023AD1E960087E30F /* AppDelegate.swift in Sources */,
				A5B816DB23B09EBC004C8D7B /* Info.swift in Sources */,
				A52786A423AE467E0008BB18 /* RAMCharacterStatusListViewModel.swift in Sources */,
				A5B816DA23B09EBC004C8D7B /* Person.swift in Sources */,
				A5AB84E423AE11BA00165643 /* GitHubRepoListViewModel.swift in Sources */,
				A5B816E323B09EBC004C8D7B /* AlamofireImplementationsForRAM.swift in Sources */,
				A520935523AFA8D4004BCD1C /* APIs.swift in Sources */,
				A5CA895223AD1E980087E30F /* SceneDelegate.swift in Sources */,
				A527866A23AE38E50008BB18 /* ActivityIndicatorView.swift in Sources */,
				A5B816D623B09EBC004C8D7B /* StatusAPI.swift in Sources */,
				A520935423AFA8D4004BCD1C /* JSONEncodableEncoding.swift in Sources */,
				A5CA895423AD1E980087E30F /* RootView.swift in Sources */,
				A520935D23AFA8D4004BCD1C /* JSONEncodingHelper.swift in Sources */,
				A520935123AFA8D4004BCD1C /* AlamofireImplementations.swift in Sources */,
				A5B816E223B09EBC004C8D7B /* RAMAPIs.swift in Sources */,
				A520935F23AFA8D4004BCD1C /* Configuration.swift in Sources */,
				A520935B23AFA8D4004BCD1C /* RepositoryList.swift in Sources */,
				A520935C23AFA8D4004BCD1C /* Extensions.swift in Sources */,
				A520935E23AFA8D4004BCD1C /* Models.swift in Sources */,
				A520935323AFA8D4004BCD1C /* CodableHelper.swift in Sources */,
				A520935623AFA8D4004BCD1C /* GithubAPI.swift in Sources */,
				A520935923AFA8D4004BCD1C /* Repository.swift in Sources */,
			);
			runOnlyForDeploymentPostprocessing = 0;
		};
/* End PBXSourcesBuildPhase section */

/* Begin PBXVariantGroup section */
		A5CA895A23AD1E9B0087E30F /* LaunchScreen.storyboard */ = {
			isa = PBXVariantGroup;
			children = (
				A5CA895B23AD1E9B0087E30F /* Base */,
			);
			name = LaunchScreen.storyboard;
			sourceTree = "<group>";
		};
/* End PBXVariantGroup section */

/* Begin XCBuildConfiguration section */
		A5CA895E23AD1E9B0087E30F /* Debug */ = {
			isa = XCBuildConfiguration;
			buildSettings = {
				ALWAYS_SEARCH_USER_PATHS = NO;
				CLANG_ANALYZER_NONNULL = YES;
				CLANG_ANALYZER_NUMBER_OBJECT_CONVERSION = YES_AGGRESSIVE;
				CLANG_CXX_LANGUAGE_STANDARD = "gnu++14";
				CLANG_CXX_LIBRARY = "libc++";
				CLANG_ENABLE_MODULES = YES;
				CLANG_ENABLE_OBJC_ARC = YES;
				CLANG_ENABLE_OBJC_WEAK = YES;
				CLANG_WARN_BLOCK_CAPTURE_AUTORELEASING = YES;
				CLANG_WARN_BOOL_CONVERSION = YES;
				CLANG_WARN_COMMA = YES;
				CLANG_WARN_CONSTANT_CONVERSION = YES;
				CLANG_WARN_DEPRECATED_OBJC_IMPLEMENTATIONS = YES;
				CLANG_WARN_DIRECT_OBJC_ISA_USAGE = YES_ERROR;
				CLANG_WARN_DOCUMENTATION_COMMENTS = YES;
				CLANG_WARN_EMPTY_BODY = YES;
				CLANG_WARN_ENUM_CONVERSION = YES;
				CLANG_WARN_INFINITE_RECURSION = YES;
				CLANG_WARN_INT_CONVERSION = YES;
				CLANG_WARN_NON_LITERAL_NULL_CONVERSION = YES;
				CLANG_WARN_OBJC_IMPLICIT_RETAIN_SELF = YES;
				CLANG_WARN_OBJC_LITERAL_CONVERSION = YES;
				CLANG_WARN_OBJC_ROOT_CLASS = YES_ERROR;
				CLANG_WARN_RANGE_LOOP_ANALYSIS = YES;
				CLANG_WARN_STRICT_PROTOTYPES = YES;
				CLANG_WARN_SUSPICIOUS_MOVE = YES;
				CLANG_WARN_UNGUARDED_AVAILABILITY = YES_AGGRESSIVE;
				CLANG_WARN_UNREACHABLE_CODE = YES;
				CLANG_WARN__DUPLICATE_METHOD_MATCH = YES;
				COPY_PHASE_STRIP = NO;
				DEBUG_INFORMATION_FORMAT = dwarf;
				ENABLE_STRICT_OBJC_MSGSEND = YES;
				ENABLE_TESTABILITY = YES;
				GCC_C_LANGUAGE_STANDARD = gnu11;
				GCC_DYNAMIC_NO_PIC = NO;
				GCC_NO_COMMON_BLOCKS = YES;
				GCC_OPTIMIZATION_LEVEL = 0;
				GCC_PREPROCESSOR_DEFINITIONS = (
					"DEBUG=1",
					"$(inherited)",
				);
				GCC_WARN_64_TO_32_BIT_CONVERSION = YES;
				GCC_WARN_ABOUT_RETURN_TYPE = YES_ERROR;
				GCC_WARN_UNDECLARED_SELECTOR = YES;
				GCC_WARN_UNINITIALIZED_AUTOS = YES_AGGRESSIVE;
				GCC_WARN_UNUSED_FUNCTION = YES;
				GCC_WARN_UNUSED_VARIABLE = YES;
				IPHONEOS_DEPLOYMENT_TARGET = 13.2;
				MTL_ENABLE_DEBUG_INFO = INCLUDE_SOURCE;
				MTL_FAST_MATH = YES;
				ONLY_ACTIVE_ARCH = YES;
				SDKROOT = iphoneos;
				SWIFT_ACTIVE_COMPILATION_CONDITIONS = DEBUG;
				SWIFT_OPTIMIZATION_LEVEL = "-Onone";
			};
			name = Debug;
		};
		A5CA895F23AD1E9B0087E30F /* Release */ = {
			isa = XCBuildConfiguration;
			buildSettings = {
				ALWAYS_SEARCH_USER_PATHS = NO;
				CLANG_ANALYZER_NONNULL = YES;
				CLANG_ANALYZER_NUMBER_OBJECT_CONVERSION = YES_AGGRESSIVE;
				CLANG_CXX_LANGUAGE_STANDARD = "gnu++14";
				CLANG_CXX_LIBRARY = "libc++";
				CLANG_ENABLE_MODULES = YES;
				CLANG_ENABLE_OBJC_ARC = YES;
				CLANG_ENABLE_OBJC_WEAK = YES;
				CLANG_WARN_BLOCK_CAPTURE_AUTORELEASING = YES;
				CLANG_WARN_BOOL_CONVERSION = YES;
				CLANG_WARN_COMMA = YES;
				CLANG_WARN_CONSTANT_CONVERSION = YES;
				CLANG_WARN_DEPRECATED_OBJC_IMPLEMENTATIONS = YES;
				CLANG_WARN_DIRECT_OBJC_ISA_USAGE = YES_ERROR;
				CLANG_WARN_DOCUMENTATION_COMMENTS = YES;
				CLANG_WARN_EMPTY_BODY = YES;
				CLANG_WARN_ENUM_CONVERSION = YES;
				CLANG_WARN_INFINITE_RECURSION = YES;
				CLANG_WARN_INT_CONVERSION = YES;
				CLANG_WARN_NON_LITERAL_NULL_CONVERSION = YES;
				CLANG_WARN_OBJC_IMPLICIT_RETAIN_SELF = YES;
				CLANG_WARN_OBJC_LITERAL_CONVERSION = YES;
				CLANG_WARN_OBJC_ROOT_CLASS = YES_ERROR;
				CLANG_WARN_RANGE_LOOP_ANALYSIS = YES;
				CLANG_WARN_STRICT_PROTOTYPES = YES;
				CLANG_WARN_SUSPICIOUS_MOVE = YES;
				CLANG_WARN_UNGUARDED_AVAILABILITY = YES_AGGRESSIVE;
				CLANG_WARN_UNREACHABLE_CODE = YES;
				CLANG_WARN__DUPLICATE_METHOD_MATCH = YES;
				COPY_PHASE_STRIP = NO;
				DEBUG_INFORMATION_FORMAT = "dwarf-with-dsym";
				ENABLE_NS_ASSERTIONS = NO;
				ENABLE_STRICT_OBJC_MSGSEND = YES;
				GCC_C_LANGUAGE_STANDARD = gnu11;
				GCC_NO_COMMON_BLOCKS = YES;
				GCC_WARN_64_TO_32_BIT_CONVERSION = YES;
				GCC_WARN_ABOUT_RETURN_TYPE = YES_ERROR;
				GCC_WARN_UNDECLARED_SELECTOR = YES;
				GCC_WARN_UNINITIALIZED_AUTOS = YES_AGGRESSIVE;
				GCC_WARN_UNUSED_FUNCTION = YES;
				GCC_WARN_UNUSED_VARIABLE = YES;
				IPHONEOS_DEPLOYMENT_TARGET = 13.2;
				MTL_ENABLE_DEBUG_INFO = NO;
				MTL_FAST_MATH = YES;
				SDKROOT = iphoneos;
				SWIFT_COMPILATION_MODE = wholemodule;
				SWIFT_OPTIMIZATION_LEVEL = "-O";
				VALIDATE_PRODUCT = YES;
			};
			name = Release;
		};
		A5CA896123AD1E9B0087E30F /* Debug */ = {
			isa = XCBuildConfiguration;
			buildSettings = {
				ASSETCATALOG_COMPILER_APPICON_NAME = AppIcon;
				CODE_SIGN_STYLE = Automatic;
				DEVELOPMENT_ASSET_PATHS = "\"HW3_Arch_SwiftUI/Preview Content\"";
				DEVELOPMENT_TEAM = 8TC4KGDY5X;
				ENABLE_PREVIEWS = YES;
				INFOPLIST_FILE = HW3_Arch_SwiftUI/Info.plist;
				LD_RUNPATH_SEARCH_PATHS = (
					"$(inherited)",
					"@executable_path/Frameworks",
				);
				PRODUCT_BUNDLE_IDENTIFIER = "com.digt.HW3-Arch-SwiftUI";
				PRODUCT_NAME = HW3_Arch;
				SWIFT_VERSION = 5.0;
				TARGETED_DEVICE_FAMILY = "1,2";
			};
			name = Debug;
		};
		A5CA896223AD1E9B0087E30F /* Release */ = {
			isa = XCBuildConfiguration;
			buildSettings = {
				ASSETCATALOG_COMPILER_APPICON_NAME = AppIcon;
				CODE_SIGN_STYLE = Automatic;
				DEVELOPMENT_ASSET_PATHS = "\"HW3_Arch_SwiftUI/Preview Content\"";
				DEVELOPMENT_TEAM = 8TC4KGDY5X;
				ENABLE_PREVIEWS = YES;
				INFOPLIST_FILE = HW3_Arch_SwiftUI/Info.plist;
				LD_RUNPATH_SEARCH_PATHS = (
					"$(inherited)",
					"@executable_path/Frameworks",
				);
				PRODUCT_BUNDLE_IDENTIFIER = "com.digt.HW3-Arch-SwiftUI";
				PRODUCT_NAME = HW3_Arch;
				SWIFT_VERSION = 5.0;
				TARGETED_DEVICE_FAMILY = "1,2";
			};
			name = Release;
		};
/* End XCBuildConfiguration section */

/* Begin XCConfigurationList section */
		A5CA894723AD1E950087E30F /* Build configuration list for PBXProject "HW3_Arch_SwiftUI" */ = {
			isa = XCConfigurationList;
			buildConfigurations = (
				A5CA895E23AD1E9B0087E30F /* Debug */,
				A5CA895F23AD1E9B0087E30F /* Release */,
			);
			defaultConfigurationIsVisible = 0;
			defaultConfigurationName = Release;
		};
		A5CA896023AD1E9B0087E30F /* Build configuration list for PBXNativeTarget "HW3_Arch_SwiftUI" */ = {
			isa = XCConfigurationList;
			buildConfigurations = (
				A5CA896123AD1E9B0087E30F /* Debug */,
				A5CA896223AD1E9B0087E30F /* Release */,
			);
			defaultConfigurationIsVisible = 0;
			defaultConfigurationName = Release;
		};
/* End XCConfigurationList section */

/* Begin XCRemoteSwiftPackageReference section */
		A527866623AE36240008BB18 /* XCRemoteSwiftPackageReference "ChartView" */ = {
			isa = XCRemoteSwiftPackageReference;
			repositoryURL = "https://github.com/AppPear/ChartView";
			requirement = {
				kind = upToNextMajorVersion;
				minimumVersion = 1.4.2;
			};
		};
		A5CA896423AE0DF00087E30F /* XCRemoteSwiftPackageReference "Alamofire" */ = {
			isa = XCRemoteSwiftPackageReference;
			repositoryURL = "https://github.com/Alamofire/Alamofire";
			requirement = {
				kind = upToNextMajorVersion;
				minimumVersion = 4.9.1;
			};
		};
/* End XCRemoteSwiftPackageReference section */

/* Begin XCSwiftPackageProductDependency section */
		A527866723AE36240008BB18 /* SwiftUICharts */ = {
			isa = XCSwiftPackageProductDependency;
			package = A527866623AE36240008BB18 /* XCRemoteSwiftPackageReference "ChartView" */;
			productName = SwiftUICharts;
		};
		A5CA896523AE0DF00087E30F /* Alamofire */ = {
			isa = XCSwiftPackageProductDependency;
			package = A5CA896423AE0DF00087E30F /* XCRemoteSwiftPackageReference "Alamofire" */;
			productName = Alamofire;
		};
/* End XCSwiftPackageProductDependency section */
	};
	rootObject = A5CA894423AD1E950087E30F /* Project object */;
}
